version: 1
generated_at: 2026-08-21T11:42:01Z
internal: []
trusted:
  - action: actions/checkout
    refs:
      - ee0669bd1cc54295c223e0bb666b733df41de1c5
    occurrences:
      ee0669bd1cc54295c223e0bb666b733df41de1c5:
        .github/workflows/npmpublish.yml:
          - jobs.build.steps.[1].uses
          - jobs.publish-npm.steps.[1].uses
external:
  - action: step-security/harden-runner
    refs:
      - 9af89fc71515a100421586dfdb3dc9c984fbf411
    occurrences:
      9af89fc71515a100421586dfdb3dc9c984fbf411:
        .github/workflows/npmpublish.yml:
          - jobs.build.steps.[0].uses
          - jobs.publish-npm.steps.[0].uses
  - action: step-security/mise-action
    refs:
      - 2796166110dee826668caddd4bffedae5116e7cd
    occurrences:
      2796166110dee826668caddd4bffedae5116e7cd:
        .github/workflows/npmpublish.yml:
          - jobs.build.steps.[2].uses
          - jobs.publish-npm.steps.[2].uses
local: []
docker: []
dynamic: []
nested_floating_deps: []
