# @generated - this file is auto-generated by `mise lock` https://mise.jdx.dev/dev-tools/mise-lock.html

[[tools.node]]
version = "16.20.2"
backend = "core:node"

[tools.node."platforms.linux-arm64"]
checksum = "sha256:b6945fcc9ad220386bb814bfae7137189fd17297f2959a744105e1bee006035a"
url = "https://nodejs.org/dist/v16.20.2/node-v16.20.2-linux-arm64.tar.gz"

[tools.node."platforms.linux-arm64-musl"]
checksum = "sha256:33188eb11b977113adb65b2e09d71bddd63f12168ba73ceadae6c27938dc9e93"
url = "https://nodejs.org/dist/v16.20.2/node-v16.20.2.tar.gz"
install = "source"

[tools.node."platforms.linux-x64"]
checksum = "sha256:c9193e6c414891694759febe846f4f023bf48410a6924a8b1520c46565859665"
url = "https://nodejs.org/dist/v16.20.2/node-v16.20.2-linux-x64.tar.gz"

[tools.node."platforms.linux-x64-musl"]
checksum = "sha256:3e4b005e281a7799ebad111b0b59b42e8ef0aadfb25b84b0b10f747d460f1a4c"
url = "https://unofficial-builds.nodejs.org/download/release/v16.20.2/node-v16.20.2-linux-x64-musl.tar.gz"

[tools.node."platforms.macos-arm64"]
checksum = "sha256:6a5c4108475871362d742b988566f3fe307f6a67ce14634eb3fbceb4f9eea88c"
url = "https://nodejs.org/dist/v16.20.2/node-v16.20.2-darwin-arm64.tar.gz"

[tools.node."platforms.macos-x64"]
checksum = "sha256:d7a46eaf2b57ffddeda16ece0d887feb2e31a91ad33f8774da553da0249dc4a6"
url = "https://nodejs.org/dist/v16.20.2/node-v16.20.2-darwin-x64.tar.gz"

[tools.node."platforms.windows-x64"]
checksum = "sha256:f8bb35f6c08dc7bf14ac753509c06ed1a7ebf5b390cd3fbdc8f8c1aedd020ec3"
url = "https://nodejs.org/dist/v16.20.2/node-v16.20.2-win-x64.zip"
